
Microsoft Visual Studio Solution File, Format Version 12.00
# Visual Studio Version 16
VisualStudioVersion = 16.0.31129.286
MinimumVisualStudioVersion = 10.0.40219.1
Project("{F184B08F-C81C-45F6-A57F-5ABD9991F28F}") = "jumpcutGUI", "jumpcutGUI\jumpcutGUI.vbproj", "{2F0DF594-8495-404F-BE90-20E7BF76C504}"
EndProject
Global
	GlobalSection(SolutionConfigurationPlatforms) = preSolution
		Debug|Any CPU = Debug|Any CPU
		Release|Any CPU = Release|Any CPU
	EndGlobalSection
	GlobalSection(ProjectConfigurationPlatforms) = postSolution
		{2F0DF594-8495-404F-BE90-20E7BF76C504}.Debug|Any CPU.ActiveCfg = Debug|Any CPU
		{2F0DF594-8495-404F-BE90-20E7BF76C504}.Debug|Any CPU.Build.0 = Debug|Any CPU
		{2F0DF594-8495-404F-BE90-20E7BF76C504}.Release|Any CPU.ActiveCfg = Release|Any CPU
		{2F0DF594-8495-404F-BE90-20E7BF76C504}.Release|Any CPU.Build.0 = Release|Any CPU
	EndGlobalSection
	GlobalSection(SolutionProperties) = preSolution
		HideSolutionNode = FALSE
	EndGlobalSection
	GlobalSection(ExtensibilityGlobals) = postSolution
		SolutionGuid = {1A631970-F489-4200-9187-3F68101550F5}
	EndGlobalSection
EndGlobal
